
Microsoft Visual Studio Solution File, Format Version 11.00
# Visual Studio 2010
Project("{FAE04EC0-301F-11D3-BF4B-00C04F79EFBC}") = "WarGameService", "WarGameService\WarGameService.csproj", "{8640F778-8413-44BC-9A87-BBE0B1F77688}"
EndProject
Project("{FAE04EC0-301F-11D3-BF4B-00C04F79EFBC}") = "WarGame.Tests", "Tests\WarGame.Tests.csproj", "{72ED694F-B062-41FD-85D3-87C7A490C985}"
EndProject
Project("{FAE04EC0-301F-11D3-BF4B-00C04F79EFBC}") = "WarGame.Transfer", "WarGame.Transfer\WarGame.Transfer.csproj", "{821B57B6-648E-4ACE-AA12-8498957AF689}"
EndProject
Global
	GlobalSection(SolutionConfigurationPlatforms) = preSolution
		Debug|Any CPU = Debug|Any CPU
		Debug|Mixed Platforms = Debug|Mixed Platforms
		Debug|x86 = Debug|x86
		Release|Any CPU = Release|Any CPU
		Release|Mixed Platforms = Release|Mixed Platforms
		Release|x86 = Release|x86
	EndGlobalSection
	GlobalSection(ProjectConfigurationPlatforms) = postSolution
		{8640F778-8413-44BC-9A87-BBE0B1F77688}.Debug|Any CPU.ActiveCfg = Debug|Any CPU
		{8640F778-8413-44BC-9A87-BBE0B1F77688}.Debug|Any CPU.Build.0 = Debug|Any CPU
		{8640F778-8413-44BC-9A87-BBE0B1F77688}.Debug|Mixed Platforms.ActiveCfg = Debug|Any CPU
		{8640F778-8413-44BC-9A87-BBE0B1F77688}.Debug|Mixed Platforms.Build.0 = Debug|Any CPU
		{8640F778-8413-44BC-9A87-BBE0B1F77688}.Debug|x86.ActiveCfg = Debug|Any CPU
		{8640F778-8413-44BC-9A87-BBE0B1F77688}.Release|Any CPU.ActiveCfg = Release|Any CPU
		{8640F778-8413-44BC-9A87-BBE0B1F77688}.Release|Any CPU.Build.0 = Release|Any CPU
		{8640F778-8413-44BC-9A87-BBE0B1F77688}.Release|Mixed Platforms.ActiveCfg = Release|Any CPU
		{8640F778-8413-44BC-9A87-BBE0B1F77688}.Release|Mixed Platforms.Build.0 = Release|Any CPU
		{8640F778-8413-44BC-9A87-BBE0B1F77688}.Release|x86.ActiveCfg = Release|Any CPU
		{72ED694F-B062-41FD-85D3-87C7A490C985}.Debug|Any CPU.ActiveCfg = Debug|x86
		{72ED694F-B062-41FD-85D3-87C7A490C985}.Debug|Mixed Platforms.ActiveCfg = Debug|x86
		{72ED694F-B062-41FD-85D3-87C7A490C985}.Debug|Mixed Platforms.Build.0 = Debug|x86
		{72ED694F-B062-41FD-85D3-87C7A490C985}.Debug|x86.ActiveCfg = Debug|x86
		{72ED694F-B062-41FD-85D3-87C7A490C985}.Debug|x86.Build.0 = Debug|x86
		{72ED694F-B062-41FD-85D3-87C7A490C985}.Release|Any CPU.ActiveCfg = Release|x86
		{72ED694F-B062-41FD-85D3-87C7A490C985}.Release|Mixed Platforms.ActiveCfg = Release|x86
		{72ED694F-B062-41FD-85D3-87C7A490C985}.Release|Mixed Platforms.Build.0 = Release|x86
		{72ED694F-B062-41FD-85D3-87C7A490C985}.Release|x86.ActiveCfg = Release|x86
		{72ED694F-B062-41FD-85D3-87C7A490C985}.Release|x86.Build.0 = Release|x86
		{821B57B6-648E-4ACE-AA12-8498957AF689}.Debug|Any CPU.ActiveCfg = Debug|Any CPU
		{821B57B6-648E-4ACE-AA12-8498957AF689}.Debug|Any CPU.Build.0 = Debug|Any CPU
		{821B57B6-648E-4ACE-AA12-8498957AF689}.Debug|Mixed Platforms.ActiveCfg = Debug|Any CPU
		{821B57B6-648E-4ACE-AA12-8498957AF689}.Debug|Mixed Platforms.Build.0 = Debug|Any CPU
		{821B57B6-648E-4ACE-AA12-8498957AF689}.Debug|x86.ActiveCfg = Debug|Any CPU
		{821B57B6-648E-4ACE-AA12-8498957AF689}.Release|Any CPU.ActiveCfg = Release|Any CPU
		{821B57B6-648E-4ACE-AA12-8498957AF689}.Release|Any CPU.Build.0 = Release|Any CPU
		{821B57B6-648E-4ACE-AA12-8498957AF689}.Release|Mixed Platforms.ActiveCfg = Release|Any CPU
		{821B57B6-648E-4ACE-AA12-8498957AF689}.Release|Mixed Platforms.Build.0 = Release|Any CPU
		{821B57B6-648E-4ACE-AA12-8498957AF689}.Release|x86.ActiveCfg = Release|Any CPU
	EndGlobalSection
	GlobalSection(SolutionProperties) = preSolution
		HideSolutionNode = FALSE
	EndGlobalSection
EndGlobal
